
Microsoft Visual Studio Solution File, Format Version 12.00
# Visual Studio 15
VisualStudioVersion = 15.0.28010.2046
MinimumVisualStudioVersion = 10.0.40219.1
Project("{FAE04EC0-301F-11D3-BF4B-00C04F79EFBC}") = "AgressoDeploymentDesigner", "AgressoDeploymentDesigner\AgressoDeploymentDesigner.csproj", "{8C39720D-0B97-4925-BF73-1D8D6075BD16}"
EndProject
Project("{FAE04EC0-301F-11D3-BF4B-00C04F79EFBC}") = "AgressoDeploymentDesigner.UT", "AgressoDeploymentDesigner.UT\AgressoDeploymentDesigner.UT.csproj", "{4FF97E5F-D907-480B-A25B-5B7B6CA0784D}"
EndProject
Global
	GlobalSection(SolutionConfigurationPlatforms) = preSolution
		Debug|Any CPU = Debug|Any CPU
		Release|Any CPU = Release|Any CPU
	EndGlobalSection
	GlobalSection(ProjectConfigurationPlatforms) = postSolution
		{8C39720D-0B97-4925-BF73-1D8D6075BD16}.Debug|Any CPU.ActiveCfg = Debug|Any CPU
		{8C39720D-0B97-4925-BF73-1D8D6075BD16}.Debug|Any CPU.Build.0 = Debug|Any CPU
		{8C39720D-0B97-4925-BF73-1D8D6075BD16}.Release|Any CPU.ActiveCfg = Release|Any CPU
		{8C39720D-0B97-4925-BF73-1D8D6075BD16}.Release|Any CPU.Build.0 = Release|Any CPU
		{4FF97E5F-D907-480B-A25B-5B7B6CA0784D}.Debug|Any CPU.ActiveCfg = Debug|Any CPU
		{4FF97E5F-D907-480B-A25B-5B7B6CA0784D}.Debug|Any CPU.Build.0 = Debug|Any CPU
		{4FF97E5F-D907-480B-A25B-5B7B6CA0784D}.Release|Any CPU.ActiveCfg = Release|Any CPU
		{4FF97E5F-D907-480B-A25B-5B7B6CA0784D}.Release|Any CPU.Build.0 = Release|Any CPU
	EndGlobalSection
	GlobalSection(SolutionProperties) = preSolution
		HideSolutionNode = FALSE
	EndGlobalSection
	GlobalSection(ExtensibilityGlobals) = postSolution
		SolutionGuid = {899BFF6F-53F8-432C-A56B-C8D5DCDED318}
	EndGlobalSection
EndGlobal
